Microsoft Visual Studio Solution File, Format Version 12.00
# Visual Studio Version 17
VisualStudioVersion = 17.5.2.0
MinimumVisualStudioVersion = 10.0.40219.1
Project("{FAE04EC0-301F-11D3-BF4B-00C04F79EFBC}") = "Orchestrator.Api", "orchestrator-dotnet\Orchestrator.Api.csproj", "{6EB38982-8DDB-AE1A-9EC7-A066509CE959}"
EndProject
Global
	GlobalSection(SolutionConfigurationPlatforms) = preSolution
		Debug|Any CPU = Debug|Any CPU
		Release|Any CPU = Release|Any CPU
	EndGlobalSection
	GlobalSection(ProjectConfigurationPlatforms) = postSolution
		{6EB38982-8DDB-AE1A-9EC7-A066509CE959}.Debug|Any CPU.ActiveCfg = Debug|Any CPU
		{6EB38982-8DDB-AE1A-9EC7-A066509CE959}.Debug|Any CPU.Build.0 = Debug|Any CPU
		{6EB38982-8DDB-AE1A-9EC7-A066509CE959}.Release|Any CPU.ActiveCfg = Release|Any CPU
		{6EB38982-8DDB-AE1A-9EC7-A066509CE959}.Release|Any CPU.Build.0 = Release|Any CPU
	EndGlobalSection
	GlobalSection(SolutionProperties) = preSolution
		HideSolutionNode = FALSE
	EndGlobalSection
	GlobalSection(ExtensibilityGlobals) = postSolution
		SolutionGuid = {CF3EB080-52B9-457B-845D-14F97F090FD5}
	EndGlobalSection
EndGlobal
